# Q2 reference runtime input pins; native qualification and capture remain pending.
attrs==26.1.0 --hash=sha256:c647aa4a12dfbad9333ca4e71fe62ddc36f4e63b2d260a37a8b83d2f043ac309
certifi==2026.7.22 --hash=sha256:62f22742b58a1a33014a2b6b706588a8d7e2a88ae7bd1a6ebe8c992928483775
charset-normalizer==3.5.2 --hash=sha256:211d5a3eb6af8f513b8d4ca19a8c1b7accab1b5f0d3175f9826b03c1a920dc1f
filelock==4.0.9 --hash=sha256:9287fd61b99a806e5202be29a83034c0808a1b9830e820537c2f5773981f7eeb
fsspec==2026.9.0 --hash=sha256:8dd6e646e99ea382bd85f97a45e6b526a442d79423a7dc673f1e2756d05fcb5f
hf-xet==1.6.0 --hash=sha256:d62671bb130879cef0ee4c9ebe47a14af6c66ec53e6d84dc15936e5ffdfac82f
huggingface-hub==0.36.2 --hash=sha256:48f0c8eac16145dfce371e9d2d7772854a4f591bcb56c9cf548accf531d54270
idna==3.20 --hash=sha256:ab7ae7122974553370f0bdb919e1a960b2cd1bc1ef0276416d896db81c14582c
jinja2==3.1.6 --hash=sha256:85ece4451f492d0c13c5dd7c13a64681a86afae63a5f347908daf103ce6d2f67
jsonschema==4.25.1 --hash=sha256:3fba0169e345c7175110351d456342c364814cfcf3b964ba4587f22915230a63
jsonschema-specifications==2025.9.1 --hash=sha256:98802fee3a11ee76ecaca44429fda8a41bff98b00a0f2838151b113f210cc6fe
markupsafe==3.0.4 --hash=sha256:6da83a088f8ef93b2d483a8232a4dbf4d69d3d8496b568a03c56becac43e1808
mpmath==1.3.0 --hash=sha256:a0b2b9fe80bbcd81a6647ff13108738cfb482d481d826cc0e02f5b35e5c88d2c
networkx==3.6.1 --hash=sha256:d47fbf302e7d9cbbb9e2555a0d267983d2aa476bac30e90dfbe5669bd57f3762
numpy==2.4.6 --hash=sha256:89cd468399cfd2504718f0ba50e410dca55a170b61a02ad92bb18c8a65186e93
packaging==26.3 --hash=sha256:d7193f7c8e4e93f444fde0262bf90af30e16fa0ad0ad44cb553c87339b23cd1c
pyyaml==6.0.3 --hash=sha256:b8bb0864c5a28024fac8a632c443c87c5aa6f215c0b126c449ae1a150412f31d
referencing==0.37.0 --hash=sha256:381329a9f99628c9069361716891d34ad94af76e461dcb0335825aecc7692231
regex==2026.9.29 --hash=sha256:612b709381c0355b70d89cdb51b7f670591ed5cbbc0e3b5337488019dc667b65
requests==2.34.2 --hash=sha256:2a0d60c172f83ac6ab31e4554906c0f3b3588d37b5cb939b1c061f4907e278e0
rfc8785==0.1.4 --hash=sha256:520d690b448ecf0703691c76e1a34a24ddcd4fc5bc41d589cb7c58ec651bcd48
rpds-py==2026.6.3 --hash=sha256:9c1255b302953c86a486b81d330d5ee1d5bd937691ce271b6be0ef0e299eaab7
safetensors==0.8.0 --hash=sha256:fd6f3f93c9a0a7cc2788ee63fb763353d4bd2e89b0751bc78fcf7dda00bea774
sympy==1.14.0 --hash=sha256:e091cc3e99d2141a0ba2847328f5479b05d94a6635cb96148ccb3f34671bd8f5
tokenizers==0.22.2 --hash=sha256:369cc9fc8cc10cb24143873a0d95438bb8ee257bb80c71989e3ee290e8d72c67
torch==2.8.0+cpu --hash=sha256:cb06175284673a581dd91fb1965662ae4ecaba6e5c357aa0ea7bb8b84b6b7eeb
tqdm==4.70.1 --hash=sha256:c293e525e6fef9c20e8728fd4612df02a0aa31bb5fe91ecd93e123b1b7bffa73
transformers==4.57.6 --hash=sha256:4c9e9de11333ddfe5114bc872c9f370509198acf0b87a832a0ab9458e2bd0550
typing-extensions==4.16.0 --hash=sha256:481caa481374e813c1b176ada14e97f1f67a4539ce9cfeb3f350d78d6370c2e8
urllib3==2.8.0 --hash=sha256:0cf3cae568d36aa9576b28dfb35f11328f1cb974ca7647d9475ebb86c75ac6e3
